
Microsoft Visual Studio Solution File, Format Version 12.00
# Visual Studio Version 16
VisualStudioVersion = 16.0.31729.503
MinimumVisualStudioVersion = 10.0.40219.1
Project("{FAE04EC0-301F-11D3-BF4B-00C04F79EFBC}") = "KeithTest", "KeithTest\KeithTest.csproj", "{A1F492D6-77B1-4932-84DF-8DA649D7A7D6}"
EndProject
Global
	GlobalSection(SolutionConfigurationPlatforms) = preSolution
		Debug|Any CPU = Debug|Any CPU
		Release|Any CPU = Release|Any CPU
	EndGlobalSection
	GlobalSection(ProjectConfigurationPlatforms) = postSolution
		{A1F492D6-77B1-4932-84DF-8DA649D7A7D6}.Debug|Any CPU.ActiveCfg = Debug|Any CPU
		{A1F492D6-77B1-4932-84DF-8DA649D7A7D6}.Debug|Any CPU.Build.0 = Debug|Any CPU
		{A1F492D6-77B1-4932-84DF-8DA649D7A7D6}.Release|Any CPU.ActiveCfg = Release|Any CPU
		{A1F492D6-77B1-4932-84DF-8DA649D7A7D6}.Release|Any CPU.Build.0 = Release|Any CPU
	EndGlobalSection
	GlobalSection(SolutionProperties) = preSolution
		HideSolutionNode = FALSE
	EndGlobalSection
	GlobalSection(ExtensibilityGlobals) = postSolution
		SolutionGuid = {F595A7A3-CC74-4F5A-8D20-1C56F116F50A}
	EndGlobalSection
EndGlobal
